
Microsoft Visual Studio Solution File, Format Version 12.00
# Visual Studio Version 17
VisualStudioVersion = 17.9.34728.123
MinimumVisualStudioVersion = 10.0.40219.1
Project("{FAE04EC0-301F-11D3-BF4B-00C04F79EFBC}") = "DSADemo", "DSADemo.csproj", "{BF5D6C2C-4A20-43FB-B24B-BF7DBBEB1D9E}"
EndProject
Global
	GlobalSection(SolutionConfigurationPlatforms) = preSolution
		Debug|Any CPU = Debug|Any CPU
		Release|Any CPU = Release|Any CPU
	EndGlobalSection
	GlobalSection(ProjectConfigurationPlatforms) = postSolution
		{BF5D6C2C-4A20-43FB-B24B-BF7DBBEB1D9E}.Debug|Any CPU.ActiveCfg = Debug|Any CPU
		{BF5D6C2C-4A20-43FB-B24B-BF7DBBEB1D9E}.Debug|Any CPU.Build.0 = Debug|Any CPU
		{BF5D6C2C-4A20-43FB-B24B-BF7DBBEB1D9E}.Release|Any CPU.ActiveCfg = Release|Any CPU
		{BF5D6C2C-4A20-43FB-B24B-BF7DBBEB1D9E}.Release|Any CPU.Build.0 = Release|Any CPU
	EndGlobalSection
	GlobalSection(SolutionProperties) = preSolution
		HideSolutionNode = FALSE
	EndGlobalSection
	GlobalSection(ExtensibilityGlobals) = postSolution
		SolutionGuid = {B50FA907-A4F6-43C7-8E87-AAF589ABF448}
	EndGlobalSection
EndGlobal
